
Microsoft Visual Studio Solution File, Format Version 12.00
# Visual Studio Version 17
VisualStudioVersion = 17.11.35312.102
MinimumVisualStudioVersion = 10.0.40219.1
Project("{888888A0-9F3D-457C-B088-3A5042F75D52}") = "SchoolFeeManagementApp", "SchoolFeeManagementApp.pyproj", "{2C46B962-406B-4E46-A564-3CB083E70A7B}"
EndProject
Global
	GlobalSection(SolutionConfigurationPlatforms) = preSolution
		Debug|Any CPU = Debug|Any CPU
		Release|Any CPU = Release|Any CPU
	EndGlobalSection
	GlobalSection(ProjectConfigurationPlatforms) = postSolution
		{2C46B962-406B-4E46-A564-3CB083E70A7B}.Debug|Any CPU.ActiveCfg = Debug|Any CPU
		{2C46B962-406B-4E46-A564-3CB083E70A7B}.Debug|Any CPU.Build.0 = Debug|Any CPU
		{2C46B962-406B-4E46-A564-3CB083E70A7B}.Release|Any CPU.ActiveCfg = Release|Any CPU
		{2C46B962-406B-4E46-A564-3CB083E70A7B}.Release|Any CPU.Build.0 = Release|Any CPU
	EndGlobalSection
	GlobalSection(SolutionProperties) = preSolution
		HideSolutionNode = FALSE
	EndGlobalSection
	GlobalSection(ExtensibilityGlobals) = postSolution
		SolutionGuid = {90877E82-9A94-4387-9EC9-A745C67CF36C}
	EndGlobalSection
EndGlobal
